
Microsoft Visual Studio Solution File, Format Version 12.00
# Visual Studio Version 17
VisualStudioVersion = 17.10.34928.147
MinimumVisualStudioVersion = 10.0.40219.1
Project("{9A19103F-16F7-4668-BE54-9A1E7A4F7556}") = "BlazorApp", "Blazor.Client\BlazorApp.csproj", "{96035396-12F1-4CC8-B4FE-E4A34B4926EE}"
EndProject
Project("{2150E333-8FDC-42A3-9474-1A3956D46DE8}") = "MicroServices", "MicroServices", "{82A90913-E26D-42EE-A78C-256C8C22F227}"
EndProject
Project("{2150E333-8FDC-42A3-9474-1A3956D46DE8}") = "ProductCatalog", "ProductCatalog", "{04BCA271-3B99-4493-942C-6EDE8F212703}"
EndProject
Project("{9A19103F-16F7-4668-BE54-9A1E7A4F7556}") = "Catalog.Api", "MicroServices\ProductCatalog\Catalog.Api\Catalog.Api.csproj", "{54F4724E-F527-421D-8D94-3339A1E20BAE}"
EndProject
Project("{9A19103F-16F7-4668-BE54-9A1E7A4F7556}") = "Catalog.Domain", "MicroServices\ProductCatalog\Catalog.Domain\Catalog.Domain.csproj", "{B6E92261-DF93-4F97-8068-1274BF215529}"
EndProject
Project("{9A19103F-16F7-4668-BE54-9A1E7A4F7556}") = "Catalog.Infrastructure", "MicroServices\ProductCatalog\Catalog.Infrastructure\Catalog.Infrastructure.csproj", "{9179D97D-B9B5-4971-AFED-AB151C79B868}"
EndProject
Project("{2150E333-8FDC-42A3-9474-1A3956D46DE8}") = "ShoppingCart", "ShoppingCart", "{30FF53F5-2A83-4890-9C94-BEE126BC46B1}"
EndProject
Project("{9A19103F-16F7-4668-BE54-9A1E7A4F7556}") = "ShoppingCart.Api", "MicroServices\ShoppingCart\ShoppingCart.Api\ShoppingCart.Api.csproj", "{74104952-113C-4B09-A487-2266C592B228}"
EndProject
Project("{9A19103F-16F7-4668-BE54-9A1E7A4F7556}") = "ShoppingCart.Domain", "MicroServices\ShoppingCart\ShoppingCart.Domain\ShoppingCart.Domain.csproj", "{4DF0B263-F12B-4B1E-B8D0-5F9642E52982}"
EndProject
Project("{9A19103F-16F7-4668-BE54-9A1E7A4F7556}") = "ShoppingCart.Intrastructure", "MicroServices\ShoppingCart\ShoppingCart.Intrastructure\ShoppingCart.Intrastructure.csproj", "{820BCCFD-EA58-46E4-B67D-36CC8AB98EFA}"
EndProject
Project("{2150E333-8FDC-42A3-9474-1A3956D46DE8}") = "ApiGateway", "ApiGateway", "{F460FF71-AA49-49F5-B3FF-B47A25282502}"
EndProject
Project("{9A19103F-16F7-4668-BE54-9A1E7A4F7556}") = "YarpApiGateway", "ApiGateway\YarpApiGateway\YarpApiGateway.csproj", "{1E6308A3-8768-46BB-8C24-4B96F104DF9E}"
EndProject
Global
	GlobalSection(SolutionConfigurationPlatforms) = preSolution
		Debug|Any CPU = Debug|Any CPU
		Release|Any CPU = Release|Any CPU
	EndGlobalSection
	GlobalSection(ProjectConfigurationPlatforms) = postSolution
		{96035396-12F1-4CC8-B4FE-E4A34B4926EE}.Debug|Any CPU.ActiveCfg = Debug|Any CPU
		{96035396-12F1-4CC8-B4FE-E4A34B4926EE}.Debug|Any CPU.Build.0 = Debug|Any CPU
		{96035396-12F1-4CC8-B4FE-E4A34B4926EE}.Release|Any CPU.ActiveCfg = Release|Any CPU
		{96035396-12F1-4CC8-B4FE-E4A34B4926EE}.Release|Any CPU.Build.0 = Release|Any CPU
		{54F4724E-F527-421D-8D94-3339A1E20BAE}.Debug|Any CPU.ActiveCfg = Debug|Any CPU
		{54F4724E-F527-421D-8D94-3339A1E20BAE}.Debug|Any CPU.Build.0 = Debug|Any CPU
		{54F4724E-F527-421D-8D94-3339A1E20BAE}.Release|Any CPU.ActiveCfg = Release|Any CPU
		{54F4724E-F527-421D-8D94-3339A1E20BAE}.Release|Any CPU.Build.0 = Release|Any CPU
		{B6E92261-DF93-4F97-8068-1274BF215529}.Debug|Any CPU.ActiveCfg = Debug|Any CPU
		{B6E92261-DF93-4F97-8068-1274BF215529}.Debug|Any CPU.Build.0 = Debug|Any CPU
		{B6E92261-DF93-4F97-8068-1274BF215529}.Release|Any CPU.ActiveCfg = Release|Any CPU
		{B6E92261-DF93-4F97-8068-1274BF215529}.Release|Any CPU.Build.0 = Release|Any CPU
		{9179D97D-B9B5-4971-AFED-AB151C79B868}.Debug|Any CPU.ActiveCfg = Debug|Any CPU
		{9179D97D-B9B5-4971-AFED-AB151C79B868}.Debug|Any CPU.Build.0 = Debug|Any CPU
		{9179D97D-B9B5-4971-AFED-AB151C79B868}.Release|Any CPU.ActiveCfg = Release|Any CPU
		{9179D97D-B9B5-4971-AFED-AB151C79B868}.Release|Any CPU.Build.0 = Release|Any CPU
		{74104952-113C-4B09-A487-2266C592B228}.Debug|Any CPU.ActiveCfg = Debug|Any CPU
		{74104952-113C-4B09-A487-2266C592B228}.Debug|Any CPU.Build.0 = Debug|Any CPU
		{74104952-113C-4B09-A487-2266C592B228}.Release|Any CPU.ActiveCfg = Release|Any CPU
		{74104952-113C-4B09-A487-2266C592B228}.Release|Any CPU.Build.0 = Release|Any CPU
		{4DF0B263-F12B-4B1E-B8D0-5F9642E52982}.Debug|Any CPU.ActiveCfg = Debug|Any CPU
		{4DF0B263-F12B-4B1E-B8D0-5F9642E52982}.Debug|Any CPU.Build.0 = Debug|Any CPU
		{4DF0B263-F12B-4B1E-B8D0-5F9642E52982}.Release|Any CPU.ActiveCfg = Release|Any CPU
		{4DF0B263-F12B-4B1E-B8D0-5F9642E52982}.Release|Any CPU.Build.0 = Release|Any CPU
		{820BCCFD-EA58-46E4-B67D-36CC8AB98EFA}.Debug|Any CPU.ActiveCfg = Debug|Any CPU
		{820BCCFD-EA58-46E4-B67D-36CC8AB98EFA}.Debug|Any CPU.Build.0 = Debug|Any CPU
		{820BCCFD-EA58-46E4-B67D-36CC8AB98EFA}.Release|Any CPU.ActiveCfg = Release|Any CPU
		{820BCCFD-EA58-46E4-B67D-36CC8AB98EFA}.Release|Any CPU.Build.0 = Release|Any CPU
		{1E6308A3-8768-46BB-8C24-4B96F104DF9E}.Debug|Any CPU.ActiveCfg = Debug|Any CPU
		{1E6308A3-8768-46BB-8C24-4B96F104DF9E}.Debug|Any CPU.Build.0 = Debug|Any CPU
		{1E6308A3-8768-46BB-8C24-4B96F104DF9E}.Release|Any CPU.ActiveCfg = Release|Any CPU
		{1E6308A3-8768-46BB-8C24-4B96F104DF9E}.Release|Any CPU.Build.0 = Release|Any CPU
	EndGlobalSection
	GlobalSection(SolutionProperties) = preSolution
		HideSolutionNode = FALSE
	EndGlobalSection
	GlobalSection(NestedProjects) = preSolution
		{04BCA271-3B99-4493-942C-6EDE8F212703} = {82A90913-E26D-42EE-A78C-256C8C22F227}
		{54F4724E-F527-421D-8D94-3339A1E20BAE} = {04BCA271-3B99-4493-942C-6EDE8F212703}
		{B6E92261-DF93-4F97-8068-1274BF215529} = {04BCA271-3B99-4493-942C-6EDE8F212703}
		{9179D97D-B9B5-4971-AFED-AB151C79B868} = {04BCA271-3B99-4493-942C-6EDE8F212703}
		{30FF53F5-2A83-4890-9C94-BEE126BC46B1} = {82A90913-E26D-42EE-A78C-256C8C22F227}
		{74104952-113C-4B09-A487-2266C592B228} = {30FF53F5-2A83-4890-9C94-BEE126BC46B1}
		{4DF0B263-F12B-4B1E-B8D0-5F9642E52982} = {30FF53F5-2A83-4890-9C94-BEE126BC46B1}
		{820BCCFD-EA58-46E4-B67D-36CC8AB98EFA} = {30FF53F5-2A83-4890-9C94-BEE126BC46B1}
		{1E6308A3-8768-46BB-8C24-4B96F104DF9E} = {F460FF71-AA49-49F5-B3FF-B47A25282502}
	EndGlobalSection
	GlobalSection(ExtensibilityGlobals) = postSolution
		SolutionGuid = {43365199-3D6A-4B05-A19A-A7D8D9EE9A94}
	EndGlobalSection
EndGlobal
